// !$*UTF8*$!
{
	archiveVersion = 1;
	classes = {
	};
	objectVersion = 46;
	objects = {

/* Begin PBXBuildFile section */
		78BEBE611EF12ACE008D459A /* AppDelegate.swift in Sources */ = {isa = PBXBuildFile; fileRef = 78BEBE601EF12ACE008D459A /* AppDelegate.swift */; };
		78BEBE631EF12ACE008D459A /* ViewController.swift in Sources */ = {isa = PBXBuildFile; fileRef = 78BEBE621EF12ACE008D459A /* ViewController.swift */; };
		78BEBE661EF12ACE008D459A /* Main.storyboard in Resources */ = {isa = PBXBuildFile; fileRef = 78BEBE641EF12ACE008D459A /* Main.storyboard */; };
		78BEBE6B1EF12ACE008D459A /* Assets.xcassets in Resources */ = {isa = PBXBuildFile; fileRef = 78BEBE6A1EF12ACE008D459A /* Assets.xcassets */; };
		78BEBE6E1EF12ACE008D459A /* LaunchScreen.storyboard in Resources */ = {isa = PBXBuildFile; fileRef = 78BEBE6C1EF12ACE008D459A /* LaunchScreen.storyboard */; };
		78F0A23E1EFBA21C0085E509 /* BTDeviceCell.swift in Sources */ = {isa = PBXBuildFile; fileRef = 78F0A23B1EFBA21C0085E509 /* BTDeviceCell.swift */; };
		78F0A23F1EFBA21C0085E509 /* BTSourceList.swift in Sources */ = {isa = PBXBuildFile; fileRef = 78F0A23C1EFBA21C0085E509 /* BTSourceList.swift */; };
		78F0A2401EFBA21C0085E509 /* SettingsViewController.swift in Sources */ = {isa = PBXBuildFile; fileRef = 78F0A23D1EFBA21C0085E509 /* SettingsViewController.swift */; };
/* End PBXBuildFile section */

/* Begin PBXFileReference section */
		78BEBE5D1EF12ACE008D459A /* SwimPoolCounter.app */ = {isa = PBXFileReference; explicitFileType = wrapper.application; includeInIndex = 0; path = SwimPoolCounter.app; sourceTree = BUILT_PRODUCTS_DIR; };
		78BEBE601EF12ACE008D459A /* AppDelegate.swift */ = {isa = PBXFileReference; lastKnownFileType = sourcecode.swift; path = AppDelegate.swift; sourceTree = "<group>"; };
		78BEBE621EF12ACE008D459A /* ViewController.swift */ = {isa = PBXFileReference; lastKnownFileType = sourcecode.swift; path = ViewController.swift; sourceTree = "<group>"; };
		78BEBE651EF12ACE008D459A /* Base */ = {isa = PBXFileReference; lastKnownFileType = file.storyboard; name = Base; path = Base.lproj/Main.storyboard; sourceTree = "<group>"; };
		78BEBE6A1EF12ACE008D459A /* Assets.xcassets */ = {isa = PBXFileReference; lastKnownFileType = folder.assetcatalog; path = Assets.xcassets; sourceTree = "<group>"; };
		78BEBE6D1EF12ACE008D459A /* Base */ = {isa = PBXFileReference; lastKnownFileType = file.storyboard; name = Base; path = Base.lproj/LaunchScreen.storyboard; sourceTree = "<group>"; };
		78BEBE6F1EF12ACE008D459A /* Info.plist */ = {isa = PBXFileReference; lastKnownFileType = text.plist.xml; path = Info.plist; sourceTree = "<group>"; };
		78F0A23B1EFBA21C0085E509 /* BTDeviceCell.swift */ = {isa = PBXFileReference; fileEncoding = 4; lastKnownFileType = sourcecode.swift; path = BTDeviceCell.swift; sourceTree = "<group>"; };
		78F0A23C1EFBA21C0085E509 /* BTSourceList.swift */ = {isa = PBXFileReference; fileEncoding = 4; lastKnownFileType = sourcecode.swift; path = BTSourceList.swift; sourceTree = "<group>"; };
		78F0A23D1EFBA21C0085E509 /* SettingsViewController.swift */ = {isa = PBXFileReference; fileEncoding = 4; lastKnownFileType = sourcecode.swift; path = SettingsViewController.swift; sourceTree = "<group>"; };
/* End PBXFileReference section */

/* Begin PBXFrameworksBuildPhase section */
		78BEBE5A1EF12ACE008D459A /* Frameworks */ = {
			isa = PBXFrameworksBuildPhase;
			buildActionMask = 2147483647;
			files = (
			);
			runOnlyForDeploymentPostprocessing = 0;
		};
/* End PBXFrameworksBuildPhase section */

/* Begin PBXGroup section */
		78BEBE541EF12ACE008D459A = {
			isa = PBXGroup;
			children = (
				78BEBE5F1EF12ACE008D459A /* SwimPoolCounter */,
				78BEBE5E1EF12ACE008D459A /* Products */,
			);
			sourceTree = "<group>";
		};
		78BEBE5E1EF12ACE008D459A /* Products */ = {
			isa = PBXGroup;
			children = (
				78BEBE5D1EF12ACE008D459A /* SwimPoolCounter.app */,
			);
			name = Products;
			sourceTree = "<group>";
		};
		78BEBE5F1EF12ACE008D459A /* SwimPoolCounter */ = {
			isa = PBXGroup;
			children = (
				78F0A24C1EFBADDF0085E509 /* CoreData */,
				78F0A23A1EFBA20E0085E509 /* Settings */,
				78BEBE601EF12ACE008D459A /* AppDelegate.swift */,
				78BEBE621EF12ACE008D459A /* ViewController.swift */,
				78BEBE641EF12ACE008D459A /* Main.storyboard */,
				78BEBE6A1EF12ACE008D459A /* Assets.xcassets */,
				78BEBE6C1EF12ACE008D459A /* LaunchScreen.storyboard */,
				78BEBE6F1EF12ACE008D459A /* Info.plist */,
			);
			path = SwimPoolCounter;
			sourceTree = "<group>";
		};
		78F0A23A1EFBA20E0085E509 /* Settings */ = {
			isa = PBXGroup;
			children = (
				78F0A23B1EFBA21C0085E509 /* BTDeviceCell.swift */,
				78F0A23C1EFBA21C0085E509 /* BTSourceList.swift */,
				78F0A23D1EFBA21C0085E509 /* SettingsViewController.swift */,
			);
			name = Settings;
			sourceTree = "<group>";
		};
		78F0A24C1EFBADDF0085E509 /* CoreData */ = {
			isa = PBXGroup;
			children = (
			);
			name = CoreData;
			sourceTree = "<group>";
		};
/* End PBXGroup section */

/* Begin PBXNativeTarget section */
		78BEBE5C1EF12ACE008D459A /* SwimPoolCounter */ = {
			isa = PBXNativeTarget;
			buildConfigurationList = 78BEBE721EF12ACE008D459A /* Build configuration list for PBXNativeTarget "SwimPoolCounter" */;
			buildPhases = (
				78BEBE591EF12ACE008D459A /* Sources */,
				78BEBE5A1EF12ACE008D459A /* Frameworks */,
				78BEBE5B1EF12ACE008D459A /* Resources */,
			);
			buildRules = (
			);
			dependencies = (
			);
			name = SwimPoolCounter;
			productName = SwimPoolCounter;
			productReference = 78BEBE5D1EF12ACE008D459A /* SwimPoolCounter.app */;
			productType = "com.apple.product-type.application";
		};
/* End PBXNativeTarget section */

/* Begin PBXProject section */
		78BEBE551EF12ACE008D459A /* Project object */ = {
			isa = PBXProject;
			attributes = {
				LastSwiftUpdateCheck = 0830;
				LastUpgradeCheck = 0830;
				ORGANIZATIONNAME = "Igor Sinyakov";
				TargetAttributes = {
					78BEBE5C1EF12ACE008D459A = {
						CreatedOnToolsVersion = 8.3.3;
						DevelopmentTeam = PGLRQHAD7Y;
						ProvisioningStyle = Automatic;
					};
				};
			};
			buildConfigurationList = 78BEBE581EF12ACE008D459A /* Build configuration list for PBXProject "SwimPoolCounter" */;
			compatibilityVersion = "Xcode 3.2";
			developmentRegion = English;
			hasScannedForEncodings = 0;
			knownRegions = (
				en,
				Base,
			);
			mainGroup = 78BEBE541EF12ACE008D459A;
			productRefGroup = 78BEBE5E1EF12ACE008D459A /* Products */;
			projectDirPath = "";
			projectRoot = "";
			targets = (
				78BEBE5C1EF12ACE008D459A /* SwimPoolCounter */,
			);
		};
/* End PBXProject section */

/* Begin PBXResourcesBuildPhase section */
		78BEBE5B1EF12ACE008D459A /* Resources */ = {
			isa = PBXResourcesBuildPhase;
			buildActionMask = 2147483647;
			files = (
				78BEBE6E1EF12ACE008D459A /* LaunchScreen.storyboard in Resources */,
				78BEBE6B1EF12ACE008D459A /* Assets.xcassets in Resources */,
				78BEBE661EF12ACE008D459A /* Main.storyboard in Resources */,
			);
			runOnlyForDeploymentPostprocessing = 0;
		};
/* End PBXResourcesBuildPhase section */

/* Begin PBXSourcesBuildPhase section */
		78BEBE591EF12ACE008D459A /* Sources */ = {
			isa = PBXSourcesBuildPhase;
			buildActionMask = 2147483647;
			files = (
				78BEBE631EF12ACE008D459A /* ViewController.swift in Sources */,
				78BEBE611EF12ACE008D459A /* AppDelegate.swift in Sources */,
				78F0A23E1EFBA21C0085E509 /* BTDeviceCell.swift in Sources */,
				78F0A23F1EFBA21C0085E509 /* BTSourceList.swift in Sources */,
				78F0A2401EFBA21C0085E509 /* SettingsViewController.swift in Sources */,
			);
			runOnlyForDeploymentPostprocessing = 0;
		};
/* End PBXSourcesBuildPhase section */

/* Begin PBXVariantGroup section */
		78BEBE641EF12ACE008D459A /* Main.storyboard */ = {
			isa = PBXVariantGroup;
			children = (
				78BEBE651EF12ACE008D459A /* Base */,
			);
			name = Main.storyboard;
			sourceTree = "<group>";
		};
		78BEBE6C1EF12ACE008D459A /* LaunchScreen.storyboard */ = {
			isa = PBXVariantGroup;
			children = (
				78BEBE6D1EF12ACE008D459A /* Base */,
			);
			name = LaunchScreen.storyboard;
			sourceTree = "<group>";
		};
/* End PBXVariantGroup section */

/* Begin XCBuildConfiguration section */
		78BEBE701EF12ACE008D459A /* Debug */ = {
			isa = XCBuildConfiguration;
			buildSettings = {
				ALWAYS_SEARCH_USER_PATHS = NO;
				CLANG_ANALYZER_NONNULL = YES;
				CLANG_ANALYZER_NUMBER_OBJECT_CONVERSION = YES_AGGRESSIVE;
				CLANG_CXX_LANGUAGE_STANDARD = "gnu++0x";
				CLANG_CXX_LIBRARY = "libc++";
				CLANG_ENABLE_MODULES = YES;
				CLANG_ENABLE_OBJC_ARC = YES;
				CLANG_WARN_BOOL_CONVERSION = YES;
				CLANG_WARN_CONSTANT_CONVERSION = YES;
				CLANG_WARN_DIRECT_OBJC_ISA_USAGE = YES_ERROR;
				CLANG_WARN_DOCUMENTATION_COMMENTS = YES;
				CLANG_WARN_EMPTY_BODY = YES;
				CLANG_WARN_ENUM_CONVERSION = YES;
				CLANG_WARN_INFINITE_RECURSION = YES;
				CLANG_WARN_INT_CONVERSION = YES;
				CLANG_WARN_OBJC_ROOT_CLASS = YES_ERROR;
				CLANG_WARN_SUSPICIOUS_MOVE = YES;
				CLANG_WARN_UNREACHABLE_CODE = YES;
				CLANG_WARN__DUPLICATE_METHOD_MATCH = YES;
				"CODE_SIGN_IDENTITY[sdk=iphoneos*]" = "iPhone Developer";
				COPY_PHASE_STRIP = NO;
				DEBUG_INFORMATION_FORMAT = dwarf;
				ENABLE_STRICT_OBJC_MSGSEND = YES;
				ENABLE_TESTABILITY = YES;
				GCC_C_LANGUAGE_STANDARD = gnu99;
				GCC_DYNAMIC_NO_PIC = NO;
				GCC_NO_COMMON_BLOCKS = YES;
				GCC_OPTIMIZATION_LEVEL = 0;
				GCC_PREPROCESSOR_DEFINITIONS = (
					"DEBUG=1",
					"$(inherited)",
				);
				GCC_WARN_64_TO_32_BIT_CONVERSION = YES;
				GCC_WARN_ABOUT_RETURN_TYPE = YES_ERROR;
				GCC_WARN_UNDECLARED_SELECTOR = YES;
				GCC_WARN_UNINITIALIZED_AUTOS = YES_AGGRESSIVE;
				GCC_WARN_UNUSED_FUNCTION = YES;
				GCC_WARN_UNUSED_VARIABLE = YES;
				IPHONEOS_DEPLOYMENT_TARGET = 10.3;
				MTL_ENABLE_DEBUG_INFO = YES;
				ONLY_ACTIVE_ARCH = YES;
				SDKROOT = iphoneos;
				SWIFT_ACTIVE_COMPILATION_CONDITIONS = DEBUG;
				SWIFT_OPTIMIZATION_LEVEL = "-Onone";
				TARGETED_DEVICE_FAMILY = "1,2";
			};
			name = Debug;
		};
		78BEBE711EF12ACE008D459A /* Release */ = {
			isa = XCBuildConfiguration;
			buildSettings = {
				ALWAYS_SEARCH_USER_PATHS = NO;
				CLANG_ANALYZER_NONNULL = YES;
				CLANG_ANALYZER_NUMBER_OBJECT_CONVERSION = YES_AGGRESSIVE;
				CLANG_CXX_LANGUAGE_STANDARD = "gnu++0x";
				CLANG_CXX_LIBRARY = "libc++";
				CLANG_ENABLE_MODULES = YES;
				CLANG_ENABLE_OBJC_ARC = YES;
				CLANG_WARN_BOOL_CONVERSION = YES;
				CLANG_WARN_CONSTANT_CONVERSION = YES;
				CLANG_WARN_DIRECT_OBJC_ISA_USAGE = YES_ERROR;
				CLANG_WARN_DOCUMENTATION_COMMENTS = YES;
				CLANG_WARN_EMPTY_BODY = YES;
				CLANG_WARN_ENUM_CONVERSION = YES;
				CLANG_WARN_INFINITE_RECURSION = YES;
				CLANG_WARN_INT_CONVERSION = YES;
				CLANG_WARN_OBJC_ROOT_CLASS = YES_ERROR;
				CLANG_WARN_SUSPICIOUS_MOVE = YES;
				CLANG_WARN_UNREACHABLE_CODE = YES;
				CLANG_WARN__DUPLICATE_METHOD_MATCH = YES;
				"CODE_SIGN_IDENTITY[sdk=iphoneos*]" = "iPhone Developer";
				COPY_PHASE_STRIP = NO;
				DEBUG_INFORMATION_FORMAT = "dwarf-with-dsym";
				ENABLE_NS_ASSERTIONS = NO;
				ENABLE_STRICT_OBJC_MSGSEND = YES;
				GCC_C_LANGUAGE_STANDARD = gnu99;
				GCC_NO_COMMON_BLOCKS = YES;
				GCC_WARN_64_TO_32_BIT_CONVERSION = YES;
				GCC_WARN_ABOUT_RETURN_TYPE = YES_ERROR;
				GCC_WARN_UNDECLARED_SELECTOR = YES;
				GCC_WARN_UNINITIALIZED_AUTOS = YES_AGGRESSIVE;
				GCC_WARN_UNUSED_FUNCTION = YES;
				GCC_WARN_UNUSED_VARIABLE = YES;
				IPHONEOS_DEPLOYMENT_TARGET = 10.3;
				MTL_ENABLE_DEBUG_INFO = NO;
				SDKROOT = iphoneos;
				SWIFT_OPTIMIZATION_LEVEL = "-Owholemodule";
				TARGETED_DEVICE_FAMILY = "1,2";
				VALIDATE_PRODUCT = YES;
			};
			name = Release;
		};
		78BEBE731EF12ACE008D459A /* Debug */ = {
			isa = XCBuildConfiguration;
			buildSettings = {
				ASSETCATALOG_COMPILER_APPICON_NAME = AppIcon;
				DEVELOPMENT_TEAM = PGLRQHAD7Y;
				INFOPLIST_FILE = SwimPoolCounter/Info.plist;
				LD_RUNPATH_SEARCH_PATHS = "$(inherited) @executable_path/Frameworks";
				PRODUCT_BUNDLE_IDENTIFIER = com.hoicehome.SwimPoolCounter;
				PRODUCT_NAME = "$(TARGET_NAME)";
				SWIFT_VERSION = 3.0;
			};
			name = Debug;
		};
		78BEBE741EF12ACE008D459A /* Release */ = {
			isa = XCBuildConfiguration;
			buildSettings = {
				ASSETCATALOG_COMPILER_APPICON_NAME = AppIcon;
				DEVELOPMENT_TEAM = PGLRQHAD7Y;
				INFOPLIST_FILE = SwimPoolCounter/Info.plist;
				LD_RUNPATH_SEARCH_PATHS = "$(inherited) @executable_path/Frameworks";
				PRODUCT_BUNDLE_IDENTIFIER = com.hoicehome.SwimPoolCounter;
				PRODUCT_NAME = "$(TARGET_NAME)";
				SWIFT_VERSION = 3.0;
			};
			name = Release;
		};
/* End XCBuildConfiguration section */

/* Begin XCConfigurationList section */
		78BEBE581EF12ACE008D459A /* Build configuration list for PBXProject "SwimPoolCounter" */ = {
			isa = XCConfigurationList;
			buildConfigurations = (
				78BEBE701EF12ACE008D459A /* Debug */,
				78BEBE711EF12ACE008D459A /* Release */,
			);
			defaultConfigurationIsVisible = 0;
			defaultConfigurationName = Release;
		};
		78BEBE721EF12ACE008D459A /* Build configuration list for PBXNativeTarget "SwimPoolCounter" */ = {
			isa = XCConfigurationList;
			buildConfigurations = (
				78BEBE731EF12ACE008D459A /* Debug */,
				78BEBE741EF12ACE008D459A /* Release */,
			);
			defaultConfigurationIsVisible = 0;
			defaultConfigurationName = Release;
		};
/* End XCConfigurationList section */
	};
	rootObject = 78BEBE551EF12ACE008D459A /* Project object */;
}
